
Microsoft Visual Studio Solution File, Format Version 12.00
# Visual Studio Version 17
VisualStudioVersion = 17.11.35222.181
MinimumVisualStudioVersion = 10.0.40219.1
Project("{2150E333-8FDC-42A3-9474-1A3956D46DE8}") = "Pract", "Pract", "{9E691928-6640-4919-8322-7AE8EE11FBD7}"
EndProject
Project("{8BC9CEB8-8B4A-11D0-8D11-00A0C91BC942}") = "Practic_!", "Practic_!\Practic_!.vcxproj", "{3EC6FFA0-64FF-455B-BEAA-85BFA59CB2B3}"
EndProject
Project("{2150E333-8FDC-42A3-9474-1A3956D46DE8}") = "Practic 4.09", "Practic 4.09", "{784D5B11-E35E-4B07-B5E7-3ACAFC271865}"
EndProject
Project("{2150E333-8FDC-42A3-9474-1A3956D46DE8}") = "Homeworks", "Homeworks", "{1BA7033D-FEFF-43F7-8DEC-AA3210EF9FB0}"
EndProject
Project("{2150E333-8FDC-42A3-9474-1A3956D46DE8}") = "Practic", "Practic", "{84E8D2D7-CD5F-4F39-967D-7B165BF60748}"
EndProject
Project("{8BC9CEB8-8B4A-11D0-8D11-00A0C91BC942}") = "Task1", "HomeWorks\DZ 18.09\Task1\Task1.vcxproj", "{8E19D41C-CA39-4630-92E3-099FB4A8D1AF}"
EndProject
Project("{2150E333-8FDC-42A3-9474-1A3956D46DE8}") = "Dz 18.09", "Dz 18.09", "{98B370D8-2CC3-489B-98B0-2F4EC3D57DBD}"
EndProject
Project("{2150E333-8FDC-42A3-9474-1A3956D46DE8}") = "Practic 10.09", "Practic 10.09", "{81A92D68-E632-4B8B-8D63-4D865F5FA57B}"
EndProject
Project("{8BC9CEB8-8B4A-11D0-8D11-00A0C91BC942}") = "Task_1", "Practics\Practic 10.09\Task_1\Task_1.vcxproj", "{021BC4CA-25A4-4FF2-B000-3BDFB0B28ACA}"
EndProject
Project("{2150E333-8FDC-42A3-9474-1A3956D46DE8}") = "Ex2", "Ex2", "{5AFD3246-6AD7-4C32-A906-477CA9394CF6}"
EndProject
Project("{8BC9CEB8-8B4A-11D0-8D11-00A0C91BC942}") = "Ex_2", "HomeWorks\DZ 18.09\Task2\Ex_2\Ex_2.vcxproj", "{66026DF3-DF22-4F24-A3FB-FC88962DABD7}"
EndProject
Project("{8BC9CEB8-8B4A-11D0-8D11-00A0C91BC942}") = "Task2_10.09", "Practics\Practic 10.09\Task2\Task2_10.09\Task2_10.09.vcxproj", "{F50E7839-A654-4350-9598-6321318EABF5}"
EndProject
Project("{2150E333-8FDC-42A3-9474-1A3956D46DE8}") = "practic11.09", "practic11.09", "{1323FDBE-9F36-4508-B3FB-1ACBEA38A7CA}"
EndProject
Project("{8BC9CEB8-8B4A-11D0-8D11-00A0C91BC942}") = "Task1_11.09", "Practics\Practic 11.09\Task1\Task1_11.09\Task1_11.09.vcxproj", "{7910EB59-79D5-467B-A112-62844EB9F8FA}"
EndProject
Project("{2150E333-8FDC-42A3-9474-1A3956D46DE8}") = "Ex3", "Ex3", "{2035D907-9D8B-418D-86A0-F1FB32887802}"
EndProject
Project("{8BC9CEB8-8B4A-11D0-8D11-00A0C91BC942}") = "Ex3", "HomeWorks\DZ 18.09\Task3\Ex3\Ex3.vcxproj", "{8ADA34C0-63CF-4C29-A5AC-20BCCF46DDDF}"
EndProject
Project("{2150E333-8FDC-42A3-9474-1A3956D46DE8}") = "DZ 21.09", "DZ 21.09", "{54D0A3AD-D037-4AA0-BBD2-213E1CD4AB04}"
EndProject
Project("{8BC9CEB8-8B4A-11D0-8D11-00A0C91BC942}") = "Task_1.21.09", "HomeWorks\Dz 21.09\Task1\Task_1.21.09\Task_1.21.09.vcxproj", "{8A337E62-5D0D-48E9-B201-B0F89425C4C1}"
EndProject
Project("{8BC9CEB8-8B4A-11D0-8D11-00A0C91BC942}") = "Task 2.21.09", "HomeWorks\Dz 21.09\Task 2\Task 2.21.09\Task 2.21.09.vcxproj", "{E1439DF9-127C-4BED-BDD8-9E2D535B5B44}"
EndProject
Project("{2150E333-8FDC-42A3-9474-1A3956D46DE8}") = "DZ 3.10", "DZ 3.10", "{58C7C56B-3AED-4086-A2D9-3BFCF8FEEADF}"
EndProject
Project("{2150E333-8FDC-42A3-9474-1A3956D46DE8}") = "Встреча 6", "Встреча 6", "{1D7EB958-111D-4C47-9884-5BCC71873B27}"
EndProject
Project("{8BC9CEB8-8B4A-11D0-8D11-00A0C91BC942}") = "Task1", "HomeWorks\Dz 3.10\Встреча 6\Task1\Task1\Task1.vcxproj", "{54D4FCA7-831A-482D-9E45-0CCB24698F0F}"
EndProject
Project("{8BC9CEB8-8B4A-11D0-8D11-00A0C91BC942}") = "Task_2", "HomeWorks\Dz 3.10\Встреча 6\ConsoleApplication1\Task_2\Task_2.vcxproj", "{12B8D3B9-E9A0-4CB5-8A54-85E12E26C1E5}"
EndProject
Project("{2150E333-8FDC-42A3-9474-1A3956D46DE8}") = "Встреча 7", "Встреча 7", "{5B036922-E8DF-42D8-B86D-F9E4D89B3DA5}"
EndProject
Project("{8BC9CEB8-8B4A-11D0-8D11-00A0C91BC942}") = "Task1", "HomeWorks\Dz 3.10\Встреча 7\Task1\Task1.vcxproj", "{705F9645-51BC-4528-8431-2726129E8ACB}"
EndProject
Project("{8BC9CEB8-8B4A-11D0-8D11-00A0C91BC942}") = "Task2", "HomeWorks\Dz 3.10\Встреча 7\Task2\Task2.vcxproj", "{B3A14A74-DFBB-4B38-BB47-843BE69A531E}"
EndProject
Project("{2150E333-8FDC-42A3-9474-1A3956D46DE8}") = "Встреча 8", "Встреча 8", "{2F272BAB-264A-4C5D-9346-E89D4BAD09BE}"
EndProject
Project("{8BC9CEB8-8B4A-11D0-8D11-00A0C91BC942}") = "Task1", "HomeWorks\Dz 3.10\Встреча 8\Task1\Task1.vcxproj", "{24A16B22-7E8F-4C04-9708-B40DF54F1998}"
EndProject
Project("{8BC9CEB8-8B4A-11D0-8D11-00A0C91BC942}") = "Task2", "HomeWorks\Dz 3.10\Встреча 8\Task2\Task2.vcxproj", "{284D9820-B55D-4CB1-8CB5-83FA29D504BD}"
EndProject
Project("{2150E333-8FDC-42A3-9474-1A3956D46DE8}") = "Встреча 9", "Встреча 9", "{F3AADBA8-9E3B-47E7-8969-5A84A06DE7DF}"
EndProject
Project("{8BC9CEB8-8B4A-11D0-8D11-00A0C91BC942}") = "Task1", "HomeWorks\Dz 3.10\Встреча 9\Task1\Task1.vcxproj", "{58DE1D86-A17E-4FFF-8299-8A1BDDFE8EB9}"
EndProject
Project("{2150E333-8FDC-42A3-9474-1A3956D46DE8}") = "Встреча 10", "Встреча 10", "{2B96AF99-F486-4040-A6C2-14858B54D062}"
EndProject
Project("{8BC9CEB8-8B4A-11D0-8D11-00A0C91BC942}") = "Task1", "HomeWorks\Dz 3.10\Встреча 10\Task1\Task1\Task1.vcxproj", "{D2CA4B4E-FAD2-420F-A991-9F8B2F5D3C9E}"
EndProject
Project("{2150E333-8FDC-42A3-9474-1A3956D46DE8}") = "Practic 4.10", "Practic 4.10", "{C98DA677-9F5C-49FF-8831-47FC8B3536F8}"
EndProject
Project("{8BC9CEB8-8B4A-11D0-8D11-00A0C91BC942}") = "Task1.4.10", "Practics\practic 4.10\Task1\Task1.4.10\Task1.4.10.vcxproj", "{A295F752-E9A8-4D9A-BA66-DEE8A19D8F8F}"
EndProject
Project("{2150E333-8FDC-42A3-9474-1A3956D46DE8}") = "DZ 14.10", "DZ 14.10", "{196E0DB7-4803-4D43-863A-CF9FD4F4CD40}"
EndProject
Project("{2150E333-8FDC-42A3-9474-1A3956D46DE8}") = "Встреча 11", "Встреча 11", "{0774DC51-7594-4013-A988-85C60D3F1010}"
EndProject
Project("{8BC9CEB8-8B4A-11D0-8D11-00A0C91BC942}") = "Task1.14.10", "HomeWorks\DZ 14.10\Встреча 11\Task1.14.10\Task1.14.10.vcxproj", "{D5B4BDAC-B03D-4987-AEA4-EE3985879503}"
EndProject
Project("{2150E333-8FDC-42A3-9474-1A3956D46DE8}") = "Pr 14.10", "Pr 14.10", "{FE006FCF-1EB2-49EF-BFA5-BD3744E423E5}"
EndProject
Project("{8BC9CEB8-8B4A-11D0-8D11-00A0C91BC942}") = "Task1.14.10", "Practics\Pr 14.10\Task1.14.10\Task1.14.10.vcxproj", "{E2F06EBB-BC0F-4A37-8229-3F88DF53A7CD}"
EndProject
Project("{8BC9CEB8-8B4A-11D0-8D11-00A0C91BC942}") = "Task 2.14.10", "Practics\Pr 14.10\Task 2.14.10\Task 2.14.10.vcxproj", "{D402C0F9-C919-4111-AE05-9D16846F8C53}"
EndProject
Project("{2150E333-8FDC-42A3-9474-1A3956D46DE8}") = "Встреча 12", "Встреча 12", "{CBF475EA-C165-4C31-BEAB-03B106701D8E}"
EndProject
Project("{8BC9CEB8-8B4A-11D0-8D11-00A0C91BC942}") = "Task1", "HomeWorks\DZ 14.10\Встреча 12\Task1\Task1.vcxproj", "{BE439A44-DF85-45DE-BD62-50CE5493A5B1}"
EndProject
Project("{2150E333-8FDC-42A3-9474-1A3956D46DE8}") = "Встреча 13", "Встреча 13", "{8A8D7BB5-0DF6-4C47-BC4F-FB2905E67294}"
EndProject
Project("{8BC9CEB8-8B4A-11D0-8D11-00A0C91BC942}") = "Task1", "HomeWorks\DZ 14.10\Встреча 13\Task1\Task1.vcxproj", "{FA11762E-1F0A-419A-9EBD-9FE73F9D589E}"
EndProject
Project("{2150E333-8FDC-42A3-9474-1A3956D46DE8}") = "Встреча 14", "Встреча 14", "{95B14BE4-7569-49C8-ACA0-EB9A595C5BA0}"
EndProject
Project("{8BC9CEB8-8B4A-11D0-8D11-00A0C91BC942}") = "Task_1.14vstr", "HomeWorks\DZ 14.10\Встреча 14\Task_1.14vstr\Task_1.14vstr.vcxproj", "{61938AB1-FCD2-4A69-9AB5-A9B9A0312F8E}"
EndProject
Project("{8BC9CEB8-8B4A-11D0-8D11-00A0C91BC942}") = "Task2_14vstr", "HomeWorks\DZ 14.10\Встреча 14\Task2_14vstr\Task2_14vstr.vcxproj", "{8F4EE1BE-E0FE-4855-A831-F32AD86FE957}"
EndProject
Project("{2150E333-8FDC-42A3-9474-1A3956D46DE8}") = "Парсинг текста", "Парсинг текста", "{BDF38435-53BA-45F3-B4AC-E0194CD6A5A6}"
EndProject
Project("{8BC9CEB8-8B4A-11D0-8D11-00A0C91BC942}") = "ParsingText", "HomeWorks\Парсинг текста\ParsingText\ParsingText.vcxproj", "{E77EE3EE-4499-4C4C-A09F-93E19A0043A6}"
EndProject
Project("{2150E333-8FDC-42A3-9474-1A3956D46DE8}") = "Binary tree", "Binary tree", "{1276272C-3D47-4D79-A859-D624D232779A}"
EndProject
Project("{8BC9CEB8-8B4A-11D0-8D11-00A0C91BC942}") = "Binary_tree", "Practics\Binary tree\Binary tree\Binary_tree\Binary_tree.vcxproj", "{12C9A7E5-A619-473A-9921-A469C5DFA1F7}"
EndProject
Project("{2150E333-8FDC-42A3-9474-1A3956D46DE8}") = "QuickSort", "QuickSort", "{8E4C75A8-708A-42F7-8AEF-906145642107}"
EndProject
Project("{8BC9CEB8-8B4A-11D0-8D11-00A0C91BC942}") = "Quicksort", "Practics\QuickSort\QuickSort\Quicksort\Quicksort.vcxproj", "{F1220921-1856-423C-9803-C5C64947CC68}"
EndProject
Project("{2150E333-8FDC-42A3-9474-1A3956D46DE8}") = "MurgeSort", "MurgeSort", "{ED436E86-AE6B-4A3F-A5EC-16FB602102F2}"
EndProject
Project("{8BC9CEB8-8B4A-11D0-8D11-00A0C91BC942}") = "murgeSort", "Practics\MurgeSort\murgeSort\murgeSort.vcxproj", "{69ACE6B2-C8E3-4FA8-922D-FB20D56A5CB4}"
EndProject
Project("{2150E333-8FDC-42A3-9474-1A3956D46DE8}") = "Lambda-Function", "Lambda-Function", "{060BB2CE-4A6F-4349-ADF8-55D7B4C0EBB8}"
EndProject
Project("{8BC9CEB8-8B4A-11D0-8D11-00A0C91BC942}") = "LambdaFunc", "Practics\Lambda-Function\Lambda-Function\LambdaFunc\LambdaFunc.vcxproj", "{77CCE77A-0EC3-4574-9FD2-242A2788D814}"
EndProject
Project("{2150E333-8FDC-42A3-9474-1A3956D46DE8}") = "DZ 5.12", "DZ 5.12", "{0DC56840-194C-4D71-9EBB-E8BDA29890B2}"
EndProject
Project("{8BC9CEB8-8B4A-11D0-8D11-00A0C91BC942}") = "Task1_5.12", "HomeWorks\DZ 5.12\Task1_5.12\Task1_5.12.vcxproj", "{7A6D2334-9A01-4CE9-BBB3-0306EFFBCD20}"
EndProject
Global
	GlobalSection(SolutionConfigurationPlatforms) = preSolution
		Debug|x64 = Debug|x64
		Debug|x86 = Debug|x86
		Release|x64 = Release|x64
		Release|x86 = Release|x86
	EndGlobalSection
	GlobalSection(ProjectConfigurationPlatforms) = postSolution
		{3EC6FFA0-64FF-455B-BEAA-85BFA59CB2B3}.Debug|x64.ActiveCfg = Debug|x64
		{3EC6FFA0-64FF-455B-BEAA-85BFA59CB2B3}.Debug|x64.Build.0 = Debug|x64
		{3EC6FFA0-64FF-455B-BEAA-85BFA59CB2B3}.Debug|x86.ActiveCfg = Debug|Win32
		{3EC6FFA0-64FF-455B-BEAA-85BFA59CB2B3}.Debug|x86.Build.0 = Debug|Win32
		{3EC6FFA0-64FF-455B-BEAA-85BFA59CB2B3}.Release|x64.ActiveCfg = Release|x64
		{3EC6FFA0-64FF-455B-BEAA-85BFA59CB2B3}.Release|x64.Build.0 = Release|x64
		{3EC6FFA0-64FF-455B-BEAA-85BFA59CB2B3}.Release|x86.ActiveCfg = Release|Win32
		{3EC6FFA0-64FF-455B-BEAA-85BFA59CB2B3}.Release|x86.Build.0 = Release|Win32
		{8E19D41C-CA39-4630-92E3-099FB4A8D1AF}.Debug|x64.ActiveCfg = Debug|x64
		{8E19D41C-CA39-4630-92E3-099FB4A8D1AF}.Debug|x64.Build.0 = Debug|x64
		{8E19D41C-CA39-4630-92E3-099FB4A8D1AF}.Debug|x86.ActiveCfg = Debug|Win32
		{8E19D41C-CA39-4630-92E3-099FB4A8D1AF}.Debug|x86.Build.0 = Debug|Win32
		{8E19D41C-CA39-4630-92E3-099FB4A8D1AF}.Release|x64.ActiveCfg = Release|x64
		{8E19D41C-CA39-4630-92E3-099FB4A8D1AF}.Release|x64.Build.0 = Release|x64
		{8E19D41C-CA39-4630-92E3-099FB4A8D1AF}.Release|x86.ActiveCfg = Release|Win32
		{8E19D41C-CA39-4630-92E3-099FB4A8D1AF}.Release|x86.Build.0 = Release|Win32
		{021BC4CA-25A4-4FF2-B000-3BDFB0B28ACA}.Debug|x64.ActiveCfg = Debug|x64
		{021BC4CA-25A4-4FF2-B000-3BDFB0B28ACA}.Debug|x64.Build.0 = Debug|x64
		{021BC4CA-25A4-4FF2-B000-3BDFB0B28ACA}.Debug|x86.ActiveCfg = Debug|Win32
		{021BC4CA-25A4-4FF2-B000-3BDFB0B28ACA}.Debug|x86.Build.0 = Debug|Win32
		{021BC4CA-25A4-4FF2-B000-3BDFB0B28ACA}.Release|x64.ActiveCfg = Release|x64
		{021BC4CA-25A4-4FF2-B000-3BDFB0B28ACA}.Release|x64.Build.0 = Release|x64
		{021BC4CA-25A4-4FF2-B000-3BDFB0B28ACA}.Release|x86.ActiveCfg = Release|Win32
		{021BC4CA-25A4-4FF2-B000-3BDFB0B28ACA}.Release|x86.Build.0 = Release|Win32
		{66026DF3-DF22-4F24-A3FB-FC88962DABD7}.Debug|x64.ActiveCfg = Debug|x64
		{66026DF3-DF22-4F24-A3FB-FC88962DABD7}.Debug|x64.Build.0 = Debug|x64
		{66026DF3-DF22-4F24-A3FB-FC88962DABD7}.Debug|x86.ActiveCfg = Debug|Win32
		{66026DF3-DF22-4F24-A3FB-FC88962DABD7}.Debug|x86.Build.0 = Debug|Win32
		{66026DF3-DF22-4F24-A3FB-FC88962DABD7}.Release|x64.ActiveCfg = Release|x64
		{66026DF3-DF22-4F24-A3FB-FC88962DABD7}.Release|x64.Build.0 = Release|x64
		{66026DF3-DF22-4F24-A3FB-FC88962DABD7}.Release|x86.ActiveCfg = Release|Win32
		{66026DF3-DF22-4F24-A3FB-FC88962DABD7}.Release|x86.Build.0 = Release|Win32
		{F50E7839-A654-4350-9598-6321318EABF5}.Debug|x64.ActiveCfg = Debug|x64
		{F50E7839-A654-4350-9598-6321318EABF5}.Debug|x64.Build.0 = Debug|x64
		{F50E7839-A654-4350-9598-6321318EABF5}.Debug|x86.ActiveCfg = Debug|Win32
		{F50E7839-A654-4350-9598-6321318EABF5}.Debug|x86.Build.0 = Debug|Win32
		{F50E7839-A654-4350-9598-6321318EABF5}.Release|x64.ActiveCfg = Release|x64
		{F50E7839-A654-4350-9598-6321318EABF5}.Release|x64.Build.0 = Release|x64
		{F50E7839-A654-4350-9598-6321318EABF5}.Release|x86.ActiveCfg = Release|Win32
		{F50E7839-A654-4350-9598-6321318EABF5}.Release|x86.Build.0 = Release|Win32
		{7910EB59-79D5-467B-A112-62844EB9F8FA}.Debug|x64.ActiveCfg = Debug|x64
		{7910EB59-79D5-467B-A112-62844EB9F8FA}.Debug|x64.Build.0 = Debug|x64
		{7910EB59-79D5-467B-A112-62844EB9F8FA}.Debug|x86.ActiveCfg = Debug|Win32
		{7910EB59-79D5-467B-A112-62844EB9F8FA}.Debug|x86.Build.0 = Debug|Win32
		{7910EB59-79D5-467B-A112-62844EB9F8FA}.Release|x64.ActiveCfg = Release|x64
		{7910EB59-79D5-467B-A112-62844EB9F8FA}.Release|x64.Build.0 = Release|x64
		{7910EB59-79D5-467B-A112-62844EB9F8FA}.Release|x86.ActiveCfg = Release|Win32
		{7910EB59-79D5-467B-A112-62844EB9F8FA}.Release|x86.Build.0 = Release|Win32
		{8ADA34C0-63CF-4C29-A5AC-20BCCF46DDDF}.Debug|x64.ActiveCfg = Debug|x64
		{8ADA34C0-63CF-4C29-A5AC-20BCCF46DDDF}.Debug|x64.Build.0 = Debug|x64
		{8ADA34C0-63CF-4C29-A5AC-20BCCF46DDDF}.Debug|x86.ActiveCfg = Debug|Win32
		{8ADA34C0-63CF-4C29-A5AC-20BCCF46DDDF}.Debug|x86.Build.0 = Debug|Win32
		{8ADA34C0-63CF-4C29-A5AC-20BCCF46DDDF}.Release|x64.ActiveCfg = Release|x64
		{8ADA34C0-63CF-4C29-A5AC-20BCCF46DDDF}.Release|x64.Build.0 = Release|x64
		{8ADA34C0-63CF-4C29-A5AC-20BCCF46DDDF}.Release|x86.ActiveCfg = Release|Win32
		{8ADA34C0-63CF-4C29-A5AC-20BCCF46DDDF}.Release|x86.Build.0 = Release|Win32
		{8A337E62-5D0D-48E9-B201-B0F89425C4C1}.Debug|x64.ActiveCfg = Debug|x64
		{8A337E62-5D0D-48E9-B201-B0F89425C4C1}.Debug|x64.Build.0 = Debug|x64
		{8A337E62-5D0D-48E9-B201-B0F89425C4C1}.Debug|x86.ActiveCfg = Debug|Win32
		{8A337E62-5D0D-48E9-B201-B0F89425C4C1}.Debug|x86.Build.0 = Debug|Win32
		{8A337E62-5D0D-48E9-B201-B0F89425C4C1}.Release|x64.ActiveCfg = Release|x64
		{8A337E62-5D0D-48E9-B201-B0F89425C4C1}.Release|x64.Build.0 = Release|x64
		{8A337E62-5D0D-48E9-B201-B0F89425C4C1}.Release|x86.ActiveCfg = Release|Win32
		{8A337E62-5D0D-48E9-B201-B0F89425C4C1}.Release|x86.Build.0 = Release|Win32
		{E1439DF9-127C-4BED-BDD8-9E2D535B5B44}.Debug|x64.ActiveCfg = Debug|x64
		{E1439DF9-127C-4BED-BDD8-9E2D535B5B44}.Debug|x64.Build.0 = Debug|x64
		{E1439DF9-127C-4BED-BDD8-9E2D535B5B44}.Debug|x86.ActiveCfg = Debug|Win32
		{E1439DF9-127C-4BED-BDD8-9E2D535B5B44}.Debug|x86.Build.0 = Debug|Win32
		{E1439DF9-127C-4BED-BDD8-9E2D535B5B44}.Release|x64.ActiveCfg = Release|x64
		{E1439DF9-127C-4BED-BDD8-9E2D535B5B44}.Release|x64.Build.0 = Release|x64
		{E1439DF9-127C-4BED-BDD8-9E2D535B5B44}.Release|x86.ActiveCfg = Release|Win32
		{E1439DF9-127C-4BED-BDD8-9E2D535B5B44}.Release|x86.Build.0 = Release|Win32
		{54D4FCA7-831A-482D-9E45-0CCB24698F0F}.Debug|x64.ActiveCfg = Debug|x64
		{54D4FCA7-831A-482D-9E45-0CCB24698F0F}.Debug|x64.Build.0 = Debug|x64
		{54D4FCA7-831A-482D-9E45-0CCB24698F0F}.Debug|x86.ActiveCfg = Debug|Win32
		{54D4FCA7-831A-482D-9E45-0CCB24698F0F}.Debug|x86.Build.0 = Debug|Win32
		{54D4FCA7-831A-482D-9E45-0CCB24698F0F}.Release|x64.ActiveCfg = Release|x64
		{54D4FCA7-831A-482D-9E45-0CCB24698F0F}.Release|x64.Build.0 = Release|x64
		{54D4FCA7-831A-482D-9E45-0CCB24698F0F}.Release|x86.ActiveCfg = Release|Win32
		{54D4FCA7-831A-482D-9E45-0CCB24698F0F}.Release|x86.Build.0 = Release|Win32
		{12B8D3B9-E9A0-4CB5-8A54-85E12E26C1E5}.Debug|x64.ActiveCfg = Debug|x64
		{12B8D3B9-E9A0-4CB5-8A54-85E12E26C1E5}.Debug|x64.Build.0 = Debug|x64
		{12B8D3B9-E9A0-4CB5-8A54-85E12E26C1E5}.Debug|x86.ActiveCfg = Debug|Win32
		{12B8D3B9-E9A0-4CB5-8A54-85E12E26C1E5}.Debug|x86.Build.0 = Debug|Win32
		{12B8D3B9-E9A0-4CB5-8A54-85E12E26C1E5}.Release|x64.ActiveCfg = Release|x64
		{12B8D3B9-E9A0-4CB5-8A54-85E12E26C1E5}.Release|x64.Build.0 = Release|x64
		{12B8D3B9-E9A0-4CB5-8A54-85E12E26C1E5}.Release|x86.ActiveCfg = Release|Win32
		{12B8D3B9-E9A0-4CB5-8A54-85E12E26C1E5}.Release|x86.Build.0 = Release|Win32
		{705F9645-51BC-4528-8431-2726129E8ACB}.Debug|x64.ActiveCfg = Debug|x64
		{705F9645-51BC-4528-8431-2726129E8ACB}.Debug|x64.Build.0 = Debug|x64
		{705F9645-51BC-4528-8431-2726129E8ACB}.Debug|x86.ActiveCfg = Debug|Win32
		{705F9645-51BC-4528-8431-2726129E8ACB}.Debug|x86.Build.0 = Debug|Win32
		{705F9645-51BC-4528-8431-2726129E8ACB}.Release|x64.ActiveCfg = Release|x64
		{705F9645-51BC-4528-8431-2726129E8ACB}.Release|x64.Build.0 = Release|x64
		{705F9645-51BC-4528-8431-2726129E8ACB}.Release|x86.ActiveCfg = Release|Win32
		{705F9645-51BC-4528-8431-2726129E8ACB}.Release|x86.Build.0 = Release|Win32
		{B3A14A74-DFBB-4B38-BB47-843BE69A531E}.Debug|x64.ActiveCfg = Debug|x64
		{B3A14A74-DFBB-4B38-BB47-843BE69A531E}.Debug|x64.Build.0 = Debug|x64
		{B3A14A74-DFBB-4B38-BB47-843BE69A531E}.Debug|x86.ActiveCfg = Debug|Win32
		{B3A14A74-DFBB-4B38-BB47-843BE69A531E}.Debug|x86.Build.0 = Debug|Win32
		{B3A14A74-DFBB-4B38-BB47-843BE69A531E}.Release|x64.ActiveCfg = Release|x64
		{B3A14A74-DFBB-4B38-BB47-843BE69A531E}.Release|x64.Build.0 = Release|x64
		{B3A14A74-DFBB-4B38-BB47-843BE69A531E}.Release|x86.ActiveCfg = Release|Win32
		{B3A14A74-DFBB-4B38-BB47-843BE69A531E}.Release|x86.Build.0 = Release|Win32
		{24A16B22-7E8F-4C04-9708-B40DF54F1998}.Debug|x64.ActiveCfg = Debug|x64
		{24A16B22-7E8F-4C04-9708-B40DF54F1998}.Debug|x64.Build.0 = Debug|x64
		{24A16B22-7E8F-4C04-9708-B40DF54F1998}.Debug|x86.ActiveCfg = Debug|Win32
		{24A16B22-7E8F-4C04-9708-B40DF54F1998}.Debug|x86.Build.0 = Debug|Win32
		{24A16B22-7E8F-4C04-9708-B40DF54F1998}.Release|x64.ActiveCfg = Release|x64
		{24A16B22-7E8F-4C04-9708-B40DF54F1998}.Release|x64.Build.0 = Release|x64
		{24A16B22-7E8F-4C04-9708-B40DF54F1998}.Release|x86.ActiveCfg = Release|Win32
		{24A16B22-7E8F-4C04-9708-B40DF54F1998}.Release|x86.Build.0 = Release|Win32
		{284D9820-B55D-4CB1-8CB5-83FA29D504BD}.Debug|x64.ActiveCfg = Debug|x64
		{284D9820-B55D-4CB1-8CB5-83FA29D504BD}.Debug|x64.Build.0 = Debug|x64
		{284D9820-B55D-4CB1-8CB5-83FA29D504BD}.Debug|x86.ActiveCfg = Debug|Win32
		{284D9820-B55D-4CB1-8CB5-83FA29D504BD}.Debug|x86.Build.0 = Debug|Win32
		{284D9820-B55D-4CB1-8CB5-83FA29D504BD}.Release|x64.ActiveCfg = Release|x64
		{284D9820-B55D-4CB1-8CB5-83FA29D504BD}.Release|x64.Build.0 = Release|x64
		{284D9820-B55D-4CB1-8CB5-83FA29D504BD}.Release|x86.ActiveCfg = Release|Win32
		{284D9820-B55D-4CB1-8CB5-83FA29D504BD}.Release|x86.Build.0 = Release|Win32
		{58DE1D86-A17E-4FFF-8299-8A1BDDFE8EB9}.Debug|x64.ActiveCfg = Debug|x64
		{58DE1D86-A17E-4FFF-8299-8A1BDDFE8EB9}.Debug|x64.Build.0 = Debug|x64
		{58DE1D86-A17E-4FFF-8299-8A1BDDFE8EB9}.Debug|x86.ActiveCfg = Debug|Win32
		{58DE1D86-A17E-4FFF-8299-8A1BDDFE8EB9}.Debug|x86.Build.0 = Debug|Win32
		{58DE1D86-A17E-4FFF-8299-8A1BDDFE8EB9}.Release|x64.ActiveCfg = Release|x64
		{58DE1D86-A17E-4FFF-8299-8A1BDDFE8EB9}.Release|x64.Build.0 = Release|x64
		{58DE1D86-A17E-4FFF-8299-8A1BDDFE8EB9}.Release|x86.ActiveCfg = Release|Win32
		{58DE1D86-A17E-4FFF-8299-8A1BDDFE8EB9}.Release|x86.Build.0 = Release|Win32
		{D2CA4B4E-FAD2-420F-A991-9F8B2F5D3C9E}.Debug|x64.ActiveCfg = Debug|x64
		{D2CA4B4E-FAD2-420F-A991-9F8B2F5D3C9E}.Debug|x64.Build.0 = Debug|x64
		{D2CA4B4E-FAD2-420F-A991-9F8B2F5D3C9E}.Debug|x86.ActiveCfg = Debug|Win32
		{D2CA4B4E-FAD2-420F-A991-9F8B2F5D3C9E}.Debug|x86.Build.0 = Debug|Win32
		{D2CA4B4E-FAD2-420F-A991-9F8B2F5D3C9E}.Release|x64.ActiveCfg = Release|x64
		{D2CA4B4E-FAD2-420F-A991-9F8B2F5D3C9E}.Release|x64.Build.0 = Release|x64
		{D2CA4B4E-FAD2-420F-A991-9F8B2F5D3C9E}.Release|x86.ActiveCfg = Release|Win32
		{D2CA4B4E-FAD2-420F-A991-9F8B2F5D3C9E}.Release|x86.Build.0 = Release|Win32
		{A295F752-E9A8-4D9A-BA66-DEE8A19D8F8F}.Debug|x64.ActiveCfg = Debug|x64
		{A295F752-E9A8-4D9A-BA66-DEE8A19D8F8F}.Debug|x64.Build.0 = Debug|x64
		{A295F752-E9A8-4D9A-BA66-DEE8A19D8F8F}.Debug|x86.ActiveCfg = Debug|Win32
		{A295F752-E9A8-4D9A-BA66-DEE8A19D8F8F}.Debug|x86.Build.0 = Debug|Win32
		{A295F752-E9A8-4D9A-BA66-DEE8A19D8F8F}.Release|x64.ActiveCfg = Release|x64
		{A295F752-E9A8-4D9A-BA66-DEE8A19D8F8F}.Release|x64.Build.0 = Release|x64
		{A295F752-E9A8-4D9A-BA66-DEE8A19D8F8F}.Release|x86.ActiveCfg = Release|Win32
		{A295F752-E9A8-4D9A-BA66-DEE8A19D8F8F}.Release|x86.Build.0 = Release|Win32
		{D5B4BDAC-B03D-4987-AEA4-EE3985879503}.Debug|x64.ActiveCfg = Debug|x64
		{D5B4BDAC-B03D-4987-AEA4-EE3985879503}.Debug|x64.Build.0 = Debug|x64
		{D5B4BDAC-B03D-4987-AEA4-EE3985879503}.Debug|x86.ActiveCfg = Debug|Win32
		{D5B4BDAC-B03D-4987-AEA4-EE3985879503}.Debug|x86.Build.0 = Debug|Win32
		{D5B4BDAC-B03D-4987-AEA4-EE3985879503}.Release|x64.ActiveCfg = Release|x64
		{D5B4BDAC-B03D-4987-AEA4-EE3985879503}.Release|x64.Build.0 = Release|x64
		{D5B4BDAC-B03D-4987-AEA4-EE3985879503}.Release|x86.ActiveCfg = Release|Win32
		{D5B4BDAC-B03D-4987-AEA4-EE3985879503}.Release|x86.Build.0 = Release|Win32
		{E2F06EBB-BC0F-4A37-8229-3F88DF53A7CD}.Debug|x64.ActiveCfg = Debug|x64
		{E2F06EBB-BC0F-4A37-8229-3F88DF53A7CD}.Debug|x64.Build.0 = Debug|x64
		{E2F06EBB-BC0F-4A37-8229-3F88DF53A7CD}.Debug|x86.ActiveCfg = Debug|Win32
		{E2F06EBB-BC0F-4A37-8229-3F88DF53A7CD}.Debug|x86.Build.0 = Debug|Win32
		{E2F06EBB-BC0F-4A37-8229-3F88DF53A7CD}.Release|x64.ActiveCfg = Release|x64
		{E2F06EBB-BC0F-4A37-8229-3F88DF53A7CD}.Release|x64.Build.0 = Release|x64
		{E2F06EBB-BC0F-4A37-8229-3F88DF53A7CD}.Release|x86.ActiveCfg = Release|Win32
		{E2F06EBB-BC0F-4A37-8229-3F88DF53A7CD}.Release|x86.Build.0 = Release|Win32
		{D402C0F9-C919-4111-AE05-9D16846F8C53}.Debug|x64.ActiveCfg = Debug|x64
		{D402C0F9-C919-4111-AE05-9D16846F8C53}.Debug|x64.Build.0 = Debug|x64
		{D402C0F9-C919-4111-AE05-9D16846F8C53}.Debug|x86.ActiveCfg = Debug|Win32
		{D402C0F9-C919-4111-AE05-9D16846F8C53}.Debug|x86.Build.0 = Debug|Win32
		{D402C0F9-C919-4111-AE05-9D16846F8C53}.Release|x64.ActiveCfg = Release|x64
		{D402C0F9-C919-4111-AE05-9D16846F8C53}.Release|x64.Build.0 = Release|x64
		{D402C0F9-C919-4111-AE05-9D16846F8C53}.Release|x86.ActiveCfg = Release|Win32
		{D402C0F9-C919-4111-AE05-9D16846F8C53}.Release|x86.Build.0 = Release|Win32
		{BE439A44-DF85-45DE-BD62-50CE5493A5B1}.Debug|x64.ActiveCfg = Debug|x64
		{BE439A44-DF85-45DE-BD62-50CE5493A5B1}.Debug|x64.Build.0 = Debug|x64
		{BE439A44-DF85-45DE-BD62-50CE5493A5B1}.Debug|x86.ActiveCfg = Debug|Win32
		{BE439A44-DF85-45DE-BD62-50CE5493A5B1}.Debug|x86.Build.0 = Debug|Win32
		{BE439A44-DF85-45DE-BD62-50CE5493A5B1}.Release|x64.ActiveCfg = Release|x64
		{BE439A44-DF85-45DE-BD62-50CE5493A5B1}.Release|x64.Build.0 = Release|x64
		{BE439A44-DF85-45DE-BD62-50CE5493A5B1}.Release|x86.ActiveCfg = Release|Win32
		{BE439A44-DF85-45DE-BD62-50CE5493A5B1}.Release|x86.Build.0 = Release|Win32
		{FA11762E-1F0A-419A-9EBD-9FE73F9D589E}.Debug|x64.ActiveCfg = Debug|x64
		{FA11762E-1F0A-419A-9EBD-9FE73F9D589E}.Debug|x64.Build.0 = Debug|x64
		{FA11762E-1F0A-419A-9EBD-9FE73F9D589E}.Debug|x86.ActiveCfg = Debug|Win32
		{FA11762E-1F0A-419A-9EBD-9FE73F9D589E}.Debug|x86.Build.0 = Debug|Win32
		{FA11762E-1F0A-419A-9EBD-9FE73F9D589E}.Release|x64.ActiveCfg = Release|x64
		{FA11762E-1F0A-419A-9EBD-9FE73F9D589E}.Release|x64.Build.0 = Release|x64
		{FA11762E-1F0A-419A-9EBD-9FE73F9D589E}.Release|x86.ActiveCfg = Release|Win32
		{FA11762E-1F0A-419A-9EBD-9FE73F9D589E}.Release|x86.Build.0 = Release|Win32
		{61938AB1-FCD2-4A69-9AB5-A9B9A0312F8E}.Debug|x64.ActiveCfg = Debug|x64
		{61938AB1-FCD2-4A69-9AB5-A9B9A0312F8E}.Debug|x64.Build.0 = Debug|x64
		{61938AB1-FCD2-4A69-9AB5-A9B9A0312F8E}.Debug|x86.ActiveCfg = Debug|Win32
		{61938AB1-FCD2-4A69-9AB5-A9B9A0312F8E}.Debug|x86.Build.0 = Debug|Win32
		{61938AB1-FCD2-4A69-9AB5-A9B9A0312F8E}.Release|x64.ActiveCfg = Release|x64
		{61938AB1-FCD2-4A69-9AB5-A9B9A0312F8E}.Release|x64.Build.0 = Release|x64
		{61938AB1-FCD2-4A69-9AB5-A9B9A0312F8E}.Release|x86.ActiveCfg = Release|Win32
		{61938AB1-FCD2-4A69-9AB5-A9B9A0312F8E}.Release|x86.Build.0 = Release|Win32
		{8F4EE1BE-E0FE-4855-A831-F32AD86FE957}.Debug|x64.ActiveCfg = Debug|x64
		{8F4EE1BE-E0FE-4855-A831-F32AD86FE957}.Debug|x64.Build.0 = Debug|x64
		{8F4EE1BE-E0FE-4855-A831-F32AD86FE957}.Debug|x86.ActiveCfg = Debug|Win32
		{8F4EE1BE-E0FE-4855-A831-F32AD86FE957}.Debug|x86.Build.0 = Debug|Win32
		{8F4EE1BE-E0FE-4855-A831-F32AD86FE957}.Release|x64.ActiveCfg = Release|x64
		{8F4EE1BE-E0FE-4855-A831-F32AD86FE957}.Release|x64.Build.0 = Release|x64
		{8F4EE1BE-E0FE-4855-A831-F32AD86FE957}.Release|x86.ActiveCfg = Release|Win32
		{8F4EE1BE-E0FE-4855-A831-F32AD86FE957}.Release|x86.Build.0 = Release|Win32
		{E77EE3EE-4499-4C4C-A09F-93E19A0043A6}.Debug|x64.ActiveCfg = Debug|x64
		{E77EE3EE-4499-4C4C-A09F-93E19A0043A6}.Debug|x64.Build.0 = Debug|x64
		{E77EE3EE-4499-4C4C-A09F-93E19A0043A6}.Debug|x86.ActiveCfg = Debug|Win32
		{E77EE3EE-4499-4C4C-A09F-93E19A0043A6}.Debug|x86.Build.0 = Debug|Win32
		{E77EE3EE-4499-4C4C-A09F-93E19A0043A6}.Release|x64.ActiveCfg = Release|x64
		{E77EE3EE-4499-4C4C-A09F-93E19A0043A6}.Release|x64.Build.0 = Release|x64
		{E77EE3EE-4499-4C4C-A09F-93E19A0043A6}.Release|x86.ActiveCfg = Release|Win32
		{E77EE3EE-4499-4C4C-A09F-93E19A0043A6}.Release|x86.Build.0 = Release|Win32
		{12C9A7E5-A619-473A-9921-A469C5DFA1F7}.Debug|x64.ActiveCfg = Debug|x64
		{12C9A7E5-A619-473A-9921-A469C5DFA1F7}.Debug|x64.Build.0 = Debug|x64
		{12C9A7E5-A619-473A-9921-A469C5DFA1F7}.Debug|x86.ActiveCfg = Debug|Win32
		{12C9A7E5-A619-473A-9921-A469C5DFA1F7}.Debug|x86.Build.0 = Debug|Win32
		{12C9A7E5-A619-473A-9921-A469C5DFA1F7}.Release|x64.ActiveCfg = Release|x64
		{12C9A7E5-A619-473A-9921-A469C5DFA1F7}.Release|x64.Build.0 = Release|x64
		{12C9A7E5-A619-473A-9921-A469C5DFA1F7}.Release|x86.ActiveCfg = Release|Win32
		{12C9A7E5-A619-473A-9921-A469C5DFA1F7}.Release|x86.Build.0 = Release|Win32
		{F1220921-1856-423C-9803-C5C64947CC68}.Debug|x64.ActiveCfg = Debug|x64
		{F1220921-1856-423C-9803-C5C64947CC68}.Debug|x64.Build.0 = Debug|x64
		{F1220921-1856-423C-9803-C5C64947CC68}.Debug|x86.ActiveCfg = Debug|Win32
		{F1220921-1856-423C-9803-C5C64947CC68}.Debug|x86.Build.0 = Debug|Win32
		{F1220921-1856-423C-9803-C5C64947CC68}.Release|x64.ActiveCfg = Release|x64
		{F1220921-1856-423C-9803-C5C64947CC68}.Release|x64.Build.0 = Release|x64
		{F1220921-1856-423C-9803-C5C64947CC68}.Release|x86.ActiveCfg = Release|Win32
		{F1220921-1856-423C-9803-C5C64947CC68}.Release|x86.Build.0 = Release|Win32
		{69ACE6B2-C8E3-4FA8-922D-FB20D56A5CB4}.Debug|x64.ActiveCfg = Debug|x64
		{69ACE6B2-C8E3-4FA8-922D-FB20D56A5CB4}.Debug|x64.Build.0 = Debug|x64
		{69ACE6B2-C8E3-4FA8-922D-FB20D56A5CB4}.Debug|x86.ActiveCfg = Debug|Win32
		{69ACE6B2-C8E3-4FA8-922D-FB20D56A5CB4}.Debug|x86.Build.0 = Debug|Win32
		{69ACE6B2-C8E3-4FA8-922D-FB20D56A5CB4}.Release|x64.ActiveCfg = Release|x64
		{69ACE6B2-C8E3-4FA8-922D-FB20D56A5CB4}.Release|x64.Build.0 = Release|x64
		{69ACE6B2-C8E3-4FA8-922D-FB20D56A5CB4}.Release|x86.ActiveCfg = Release|Win32
		{69ACE6B2-C8E3-4FA8-922D-FB20D56A5CB4}.Release|x86.Build.0 = Release|Win32
		{77CCE77A-0EC3-4574-9FD2-242A2788D814}.Debug|x64.ActiveCfg = Debug|x64
		{77CCE77A-0EC3-4574-9FD2-242A2788D814}.Debug|x64.Build.0 = Debug|x64
		{77CCE77A-0EC3-4574-9FD2-242A2788D814}.Debug|x86.ActiveCfg = Debug|Win32
		{77CCE77A-0EC3-4574-9FD2-242A2788D814}.Debug|x86.Build.0 = Debug|Win32
		{77CCE77A-0EC3-4574-9FD2-242A2788D814}.Release|x64.ActiveCfg = Release|x64
		{77CCE77A-0EC3-4574-9FD2-242A2788D814}.Release|x64.Build.0 = Release|x64
		{77CCE77A-0EC3-4574-9FD2-242A2788D814}.Release|x86.ActiveCfg = Release|Win32
		{77CCE77A-0EC3-4574-9FD2-242A2788D814}.Release|x86.Build.0 = Release|Win32
		{7A6D2334-9A01-4CE9-BBB3-0306EFFBCD20}.Debug|x64.ActiveCfg = Debug|x64
		{7A6D2334-9A01-4CE9-BBB3-0306EFFBCD20}.Debug|x64.Build.0 = Debug|x64
		{7A6D2334-9A01-4CE9-BBB3-0306EFFBCD20}.Debug|x86.ActiveCfg = Debug|Win32
		{7A6D2334-9A01-4CE9-BBB3-0306EFFBCD20}.Debug|x86.Build.0 = Debug|Win32
		{7A6D2334-9A01-4CE9-BBB3-0306EFFBCD20}.Release|x64.ActiveCfg = Release|x64
		{7A6D2334-9A01-4CE9-BBB3-0306EFFBCD20}.Release|x64.Build.0 = Release|x64
		{7A6D2334-9A01-4CE9-BBB3-0306EFFBCD20}.Release|x86.ActiveCfg = Release|Win32
		{7A6D2334-9A01-4CE9-BBB3-0306EFFBCD20}.Release|x86.Build.0 = Release|Win32
	EndGlobalSection
	GlobalSection(SolutionProperties) = preSolution
		HideSolutionNode = FALSE
	EndGlobalSection
	GlobalSection(NestedProjects) = preSolution
		{9E691928-6640-4919-8322-7AE8EE11FBD7} = {84E8D2D7-CD5F-4F39-967D-7B165BF60748}
		{3EC6FFA0-64FF-455B-BEAA-85BFA59CB2B3} = {784D5B11-E35E-4B07-B5E7-3ACAFC271865}
		{784D5B11-E35E-4B07-B5E7-3ACAFC271865} = {9E691928-6640-4919-8322-7AE8EE11FBD7}
		{8E19D41C-CA39-4630-92E3-099FB4A8D1AF} = {98B370D8-2CC3-489B-98B0-2F4EC3D57DBD}
		{98B370D8-2CC3-489B-98B0-2F4EC3D57DBD} = {1BA7033D-FEFF-43F7-8DEC-AA3210EF9FB0}
		{81A92D68-E632-4B8B-8D63-4D865F5FA57B} = {84E8D2D7-CD5F-4F39-967D-7B165BF60748}
		{021BC4CA-25A4-4FF2-B000-3BDFB0B28ACA} = {81A92D68-E632-4B8B-8D63-4D865F5FA57B}
		{5AFD3246-6AD7-4C32-A906-477CA9394CF6} = {98B370D8-2CC3-489B-98B0-2F4EC3D57DBD}
		{66026DF3-DF22-4F24-A3FB-FC88962DABD7} = {5AFD3246-6AD7-4C32-A906-477CA9394CF6}
		{F50E7839-A654-4350-9598-6321318EABF5} = {81A92D68-E632-4B8B-8D63-4D865F5FA57B}
		{1323FDBE-9F36-4508-B3FB-1ACBEA38A7CA} = {9E691928-6640-4919-8322-7AE8EE11FBD7}
		{7910EB59-79D5-467B-A112-62844EB9F8FA} = {1323FDBE-9F36-4508-B3FB-1ACBEA38A7CA}
		{2035D907-9D8B-418D-86A0-F1FB32887802} = {98B370D8-2CC3-489B-98B0-2F4EC3D57DBD}
		{8ADA34C0-63CF-4C29-A5AC-20BCCF46DDDF} = {2035D907-9D8B-418D-86A0-F1FB32887802}
		{54D0A3AD-D037-4AA0-BBD2-213E1CD4AB04} = {1BA7033D-FEFF-43F7-8DEC-AA3210EF9FB0}
		{8A337E62-5D0D-48E9-B201-B0F89425C4C1} = {54D0A3AD-D037-4AA0-BBD2-213E1CD4AB04}
		{E1439DF9-127C-4BED-BDD8-9E2D535B5B44} = {54D0A3AD-D037-4AA0-BBD2-213E1CD4AB04}
		{58C7C56B-3AED-4086-A2D9-3BFCF8FEEADF} = {1BA7033D-FEFF-43F7-8DEC-AA3210EF9FB0}
		{1D7EB958-111D-4C47-9884-5BCC71873B27} = {58C7C56B-3AED-4086-A2D9-3BFCF8FEEADF}
		{54D4FCA7-831A-482D-9E45-0CCB24698F0F} = {1D7EB958-111D-4C47-9884-5BCC71873B27}
		{12B8D3B9-E9A0-4CB5-8A54-85E12E26C1E5} = {1D7EB958-111D-4C47-9884-5BCC71873B27}
		{5B036922-E8DF-42D8-B86D-F9E4D89B3DA5} = {58C7C56B-3AED-4086-A2D9-3BFCF8FEEADF}
		{705F9645-51BC-4528-8431-2726129E8ACB} = {5B036922-E8DF-42D8-B86D-F9E4D89B3DA5}
		{B3A14A74-DFBB-4B38-BB47-843BE69A531E} = {5B036922-E8DF-42D8-B86D-F9E4D89B3DA5}
		{2F272BAB-264A-4C5D-9346-E89D4BAD09BE} = {58C7C56B-3AED-4086-A2D9-3BFCF8FEEADF}
		{24A16B22-7E8F-4C04-9708-B40DF54F1998} = {2F272BAB-264A-4C5D-9346-E89D4BAD09BE}
		{284D9820-B55D-4CB1-8CB5-83FA29D504BD} = {2F272BAB-264A-4C5D-9346-E89D4BAD09BE}
		{F3AADBA8-9E3B-47E7-8969-5A84A06DE7DF} = {58C7C56B-3AED-4086-A2D9-3BFCF8FEEADF}
		{58DE1D86-A17E-4FFF-8299-8A1BDDFE8EB9} = {F3AADBA8-9E3B-47E7-8969-5A84A06DE7DF}
		{2B96AF99-F486-4040-A6C2-14858B54D062} = {58C7C56B-3AED-4086-A2D9-3BFCF8FEEADF}
		{D2CA4B4E-FAD2-420F-A991-9F8B2F5D3C9E} = {2B96AF99-F486-4040-A6C2-14858B54D062}
		{C98DA677-9F5C-49FF-8831-47FC8B3536F8} = {84E8D2D7-CD5F-4F39-967D-7B165BF60748}
		{A295F752-E9A8-4D9A-BA66-DEE8A19D8F8F} = {C98DA677-9F5C-49FF-8831-47FC8B3536F8}
		{196E0DB7-4803-4D43-863A-CF9FD4F4CD40} = {1BA7033D-FEFF-43F7-8DEC-AA3210EF9FB0}
		{0774DC51-7594-4013-A988-85C60D3F1010} = {196E0DB7-4803-4D43-863A-CF9FD4F4CD40}
		{D5B4BDAC-B03D-4987-AEA4-EE3985879503} = {0774DC51-7594-4013-A988-85C60D3F1010}
		{FE006FCF-1EB2-49EF-BFA5-BD3744E423E5} = {84E8D2D7-CD5F-4F39-967D-7B165BF60748}
		{E2F06EBB-BC0F-4A37-8229-3F88DF53A7CD} = {FE006FCF-1EB2-49EF-BFA5-BD3744E423E5}
		{D402C0F9-C919-4111-AE05-9D16846F8C53} = {FE006FCF-1EB2-49EF-BFA5-BD3744E423E5}
		{CBF475EA-C165-4C31-BEAB-03B106701D8E} = {196E0DB7-4803-4D43-863A-CF9FD4F4CD40}
		{BE439A44-DF85-45DE-BD62-50CE5493A5B1} = {CBF475EA-C165-4C31-BEAB-03B106701D8E}
		{8A8D7BB5-0DF6-4C47-BC4F-FB2905E67294} = {196E0DB7-4803-4D43-863A-CF9FD4F4CD40}
		{FA11762E-1F0A-419A-9EBD-9FE73F9D589E} = {8A8D7BB5-0DF6-4C47-BC4F-FB2905E67294}
		{95B14BE4-7569-49C8-ACA0-EB9A595C5BA0} = {196E0DB7-4803-4D43-863A-CF9FD4F4CD40}
		{61938AB1-FCD2-4A69-9AB5-A9B9A0312F8E} = {95B14BE4-7569-49C8-ACA0-EB9A595C5BA0}
		{8F4EE1BE-E0FE-4855-A831-F32AD86FE957} = {95B14BE4-7569-49C8-ACA0-EB9A595C5BA0}
		{BDF38435-53BA-45F3-B4AC-E0194CD6A5A6} = {1BA7033D-FEFF-43F7-8DEC-AA3210EF9FB0}
		{E77EE3EE-4499-4C4C-A09F-93E19A0043A6} = {BDF38435-53BA-45F3-B4AC-E0194CD6A5A6}
		{1276272C-3D47-4D79-A859-D624D232779A} = {84E8D2D7-CD5F-4F39-967D-7B165BF60748}
		{12C9A7E5-A619-473A-9921-A469C5DFA1F7} = {1276272C-3D47-4D79-A859-D624D232779A}
		{8E4C75A8-708A-42F7-8AEF-906145642107} = {84E8D2D7-CD5F-4F39-967D-7B165BF60748}
		{F1220921-1856-423C-9803-C5C64947CC68} = {8E4C75A8-708A-42F7-8AEF-906145642107}
		{ED436E86-AE6B-4A3F-A5EC-16FB602102F2} = {84E8D2D7-CD5F-4F39-967D-7B165BF60748}
		{69ACE6B2-C8E3-4FA8-922D-FB20D56A5CB4} = {ED436E86-AE6B-4A3F-A5EC-16FB602102F2}
		{060BB2CE-4A6F-4349-ADF8-55D7B4C0EBB8} = {84E8D2D7-CD5F-4F39-967D-7B165BF60748}
		{77CCE77A-0EC3-4574-9FD2-242A2788D814} = {060BB2CE-4A6F-4349-ADF8-55D7B4C0EBB8}
		{0DC56840-194C-4D71-9EBB-E8BDA29890B2} = {1BA7033D-FEFF-43F7-8DEC-AA3210EF9FB0}
		{7A6D2334-9A01-4CE9-BBB3-0306EFFBCD20} = {0DC56840-194C-4D71-9EBB-E8BDA29890B2}
	EndGlobalSection
	GlobalSection(ExtensibilityGlobals) = postSolution
		SolutionGuid = {16BDC3CF-6FB1-4A48-8C48-A1BF70453EFC}
	EndGlobalSection
EndGlobal
